
Microsoft Visual Studio Solution File, Format Version 12.00
# Visual Studio Version 17
VisualStudioVersion = 17.1.32228.430
MinimumVisualStudioVersion = 10.0.40219.1
Project("{FAE04EC0-301F-11D3-BF4B-00C04F79EFBC}") = "HelloWorld", "HelloWorld\HelloWorld.csproj", "{899B0A39-7F0C-42F4-84F1-90D99867BCF0}"
EndProject
Global
	GlobalSection(SolutionConfigurationPlatforms) = preSolution
		Debug|Any CPU = Debug|Any CPU
		Release|Any CPU = Release|Any CPU
	EndGlobalSection
	GlobalSection(ProjectConfigurationPlatforms) = postSolution
		{899B0A39-7F0C-42F4-84F1-90D99867BCF0}.Debug|Any CPU.ActiveCfg = Debug|Any CPU
		{899B0A39-7F0C-42F4-84F1-90D99867BCF0}.Debug|Any CPU.Build.0 = Debug|Any CPU
		{899B0A39-7F0C-42F4-84F1-90D99867BCF0}.Release|Any CPU.ActiveCfg = Release|Any CPU
		{899B0A39-7F0C-42F4-84F1-90D99867BCF0}.Release|Any CPU.Build.0 = Release|Any CPU
	EndGlobalSection
	GlobalSection(SolutionProperties) = preSolution
		HideSolutionNode = FALSE
	EndGlobalSection
	GlobalSection(ExtensibilityGlobals) = postSolution
		SolutionGuid = {2BD3530D-D452-4625-940E-87A4F1D82A00}
	EndGlobalSection
EndGlobal
